
Microsoft Visual Studio Solution File, Format Version 12.00
# Visual Studio Version 17
VisualStudioVersion = 17.10.34928.147
MinimumVisualStudioVersion = 10.0.40219.1
Project("{8BC9CEB8-8B4A-11D0-8D11-00A0C91BC942}") = "Day01", "Day01\Day01.vcxproj", "{7D3D43F6-7253-47F2-A84C-7492DB7DABD3}"
EndProject
Project("{8BC9CEB8-8B4A-11D0-8D11-00A0C91BC942}") = "Day02", "Day02\Day02.vcxproj", "{C012C24A-123E-4384-ACB4-05DC0834F811}"
EndProject
Project("{8BC9CEB8-8B4A-11D0-8D11-00A0C91BC942}") = "Day03", "Day03\Day03.vcxproj", "{F846F6D3-EE13-4461-A99F-DB8713CD9121}"
EndProject
Project("{8BC9CEB8-8B4A-11D0-8D11-00A0C91BC942}") = "Day04", "Day04\Day04.vcxproj", "{134FEBA4-DD6F-4A69-AD36-244DBA2D6963}"
EndProject
Global
	GlobalSection(SolutionConfigurationPlatforms) = preSolution
		Debug|x64 = Debug|x64
		Debug|x86 = Debug|x86
		Release|x64 = Release|x64
		Release|x86 = Release|x86
	EndGlobalSection
	GlobalSection(ProjectConfigurationPlatforms) = postSolution
		{7D3D43F6-7253-47F2-A84C-7492DB7DABD3}.Debug|x64.ActiveCfg = Debug|x64
		{7D3D43F6-7253-47F2-A84C-7492DB7DABD3}.Debug|x64.Build.0 = Debug|x64
		{7D3D43F6-7253-47F2-A84C-7492DB7DABD3}.Debug|x86.ActiveCfg = Debug|Win32
		{7D3D43F6-7253-47F2-A84C-7492DB7DABD3}.Debug|x86.Build.0 = Debug|Win32
		{7D3D43F6-7253-47F2-A84C-7492DB7DABD3}.Release|x64.ActiveCfg = Release|x64
		{7D3D43F6-7253-47F2-A84C-7492DB7DABD3}.Release|x64.Build.0 = Release|x64
		{7D3D43F6-7253-47F2-A84C-7492DB7DABD3}.Release|x86.ActiveCfg = Release|Win32
		{7D3D43F6-7253-47F2-A84C-7492DB7DABD3}.Release|x86.Build.0 = Release|Win32
		{C012C24A-123E-4384-ACB4-05DC0834F811}.Debug|x64.ActiveCfg = Debug|x64
		{C012C24A-123E-4384-ACB4-05DC0834F811}.Debug|x64.Build.0 = Debug|x64
		{C012C24A-123E-4384-ACB4-05DC0834F811}.Debug|x86.ActiveCfg = Debug|Win32
		{C012C24A-123E-4384-ACB4-05DC0834F811}.Debug|x86.Build.0 = Debug|Win32
		{C012C24A-123E-4384-ACB4-05DC0834F811}.Release|x64.ActiveCfg = Release|x64
		{C012C24A-123E-4384-ACB4-05DC0834F811}.Release|x64.Build.0 = Release|x64
		{C012C24A-123E-4384-ACB4-05DC0834F811}.Release|x86.ActiveCfg = Release|Win32
		{C012C24A-123E-4384-ACB4-05DC0834F811}.Release|x86.Build.0 = Release|Win32
		{F846F6D3-EE13-4461-A99F-DB8713CD9121}.Debug|x64.ActiveCfg = Debug|x64
		{F846F6D3-EE13-4461-A99F-DB8713CD9121}.Debug|x64.Build.0 = Debug|x64
		{F846F6D3-EE13-4461-A99F-DB8713CD9121}.Debug|x86.ActiveCfg = Debug|Win32
		{F846F6D3-EE13-4461-A99F-DB8713CD9121}.Debug|x86.Build.0 = Debug|Win32
		{F846F6D3-EE13-4461-A99F-DB8713CD9121}.Release|x64.ActiveCfg = Release|x64
		{F846F6D3-EE13-4461-A99F-DB8713CD9121}.Release|x64.Build.0 = Release|x64
		{F846F6D3-EE13-4461-A99F-DB8713CD9121}.Release|x86.ActiveCfg = Release|Win32
		{F846F6D3-EE13-4461-A99F-DB8713CD9121}.Release|x86.Build.0 = Release|Win32
		{134FEBA4-DD6F-4A69-AD36-244DBA2D6963}.Debug|x64.ActiveCfg = Debug|x64
		{134FEBA4-DD6F-4A69-AD36-244DBA2D6963}.Debug|x64.Build.0 = Debug|x64
		{134FEBA4-DD6F-4A69-AD36-244DBA2D6963}.Debug|x86.ActiveCfg = Debug|Win32
		{134FEBA4-DD6F-4A69-AD36-244DBA2D6963}.Debug|x86.Build.0 = Debug|Win32
		{134FEBA4-DD6F-4A69-AD36-244DBA2D6963}.Release|x64.ActiveCfg = Release|x64
		{134FEBA4-DD6F-4A69-AD36-244DBA2D6963}.Release|x64.Build.0 = Release|x64
		{134FEBA4-DD6F-4A69-AD36-244DBA2D6963}.Release|x86.ActiveCfg = Release|Win32
		{134FEBA4-DD6F-4A69-AD36-244DBA2D6963}.Release|x86.Build.0 = Release|Win32
	EndGlobalSection
	GlobalSection(SolutionProperties) = preSolution
		HideSolutionNode = FALSE
	EndGlobalSection
	GlobalSection(ExtensibilityGlobals) = postSolution
		SolutionGuid = {2EEF11FB-01C7-408F-8201-F5EAE07527F1}
	EndGlobalSection
EndGlobal
